
Microsoft Visual Studio Solution File, Format Version 12.00
Project("{FAE04EC0-301F-11D3-BF4B-00C04F79EFBC}") = "Task1", "Task1\Task1.csproj", "{5A1878AF-9277-45A1-8828-17492C8DE914}"
EndProject
Project("{FAE04EC0-301F-11D3-BF4B-00C04F79EFBC}") = "Task2", "Task2\Task2.csproj", "{F83A5A75-31F3-4CEB-9AE7-3D5A75CBB9A2}"
EndProject
Project("{FAE04EC0-301F-11D3-BF4B-00C04F79EFBC}") = "Task4", "Task4\Task4.csproj", "{1FE9DCEA-810F-4C4C-BB34-C6C83B299226}"
EndProject
Project("{FAE04EC0-301F-11D3-BF4B-00C04F79EFBC}") = "Task5", "Task5\Task5.csproj", "{48F28A8C-37C5-40BC-8ACA-B8764D895E97}"
EndProject
Global
	GlobalSection(SolutionConfigurationPlatforms) = preSolution
		Debug|Any CPU = Debug|Any CPU
		Release|Any CPU = Release|Any CPU
	EndGlobalSection
	GlobalSection(ProjectConfigurationPlatforms) = postSolution
		{5A1878AF-9277-45A1-8828-17492C8DE914}.Debug|Any CPU.ActiveCfg = Debug|Any CPU
		{5A1878AF-9277-45A1-8828-17492C8DE914}.Debug|Any CPU.Build.0 = Debug|Any CPU
		{5A1878AF-9277-45A1-8828-17492C8DE914}.Release|Any CPU.ActiveCfg = Release|Any CPU
		{5A1878AF-9277-45A1-8828-17492C8DE914}.Release|Any CPU.Build.0 = Release|Any CPU
		{F83A5A75-31F3-4CEB-9AE7-3D5A75CBB9A2}.Debug|Any CPU.ActiveCfg = Debug|Any CPU
		{F83A5A75-31F3-4CEB-9AE7-3D5A75CBB9A2}.Debug|Any CPU.Build.0 = Debug|Any CPU
		{F83A5A75-31F3-4CEB-9AE7-3D5A75CBB9A2}.Release|Any CPU.ActiveCfg = Release|Any CPU
		{F83A5A75-31F3-4CEB-9AE7-3D5A75CBB9A2}.Release|Any CPU.Build.0 = Release|Any CPU
		{1FE9DCEA-810F-4C4C-BB34-C6C83B299226}.Debug|Any CPU.ActiveCfg = Debug|Any CPU
		{1FE9DCEA-810F-4C4C-BB34-C6C83B299226}.Debug|Any CPU.Build.0 = Debug|Any CPU
		{1FE9DCEA-810F-4C4C-BB34-C6C83B299226}.Release|Any CPU.ActiveCfg = Release|Any CPU
		{1FE9DCEA-810F-4C4C-BB34-C6C83B299226}.Release|Any CPU.Build.0 = Release|Any CPU
		{48F28A8C-37C5-40BC-8ACA-B8764D895E97}.Debug|Any CPU.ActiveCfg = Debug|Any CPU
		{48F28A8C-37C5-40BC-8ACA-B8764D895E97}.Debug|Any CPU.Build.0 = Debug|Any CPU
		{48F28A8C-37C5-40BC-8ACA-B8764D895E97}.Release|Any CPU.ActiveCfg = Release|Any CPU
		{48F28A8C-37C5-40BC-8ACA-B8764D895E97}.Release|Any CPU.Build.0 = Release|Any CPU
	EndGlobalSection
EndGlobal
